
Microsoft Visual Studio Solution File, Format Version 12.00
# Visual Studio Version 16
VisualStudioVersion = 16.0.29613.14
MinimumVisualStudioVersion = 10.0.40219.1
Project("{8BC9CEB8-8B4A-11D0-8D11-00A0C91BC942}") = "OOPWorkshop2", "OOPWorkshop2.vcxproj", "{9389A6F6-9B26-4585-96F7-C956081E175A}"
EndProject
Global
	GlobalSection(SolutionConfigurationPlatforms) = preSolution
		Debug|x64 = Debug|x64
		Debug|x86 = Debug|x86
		Release|x64 = Release|x64
		Release|x86 = Release|x86
	EndGlobalSection
	GlobalSection(ProjectConfigurationPlatforms) = postSolution
		{9389A6F6-9B26-4585-96F7-C956081E175A}.Debug|x64.ActiveCfg = Debug|x64
		{9389A6F6-9B26-4585-96F7-C956081E175A}.Debug|x64.Build.0 = Debug|x64
		{9389A6F6-9B26-4585-96F7-C956081E175A}.Debug|x86.ActiveCfg = Debug|Win32
		{9389A6F6-9B26-4585-96F7-C956081E175A}.Debug|x86.Build.0 = Debug|Win32
		{9389A6F6-9B26-4585-96F7-C956081E175A}.Release|x64.ActiveCfg = Release|x64
		{9389A6F6-9B26-4585-96F7-C956081E175A}.Release|x64.Build.0 = Release|x64
		{9389A6F6-9B26-4585-96F7-C956081E175A}.Release|x86.ActiveCfg = Release|Win32
		{9389A6F6-9B26-4585-96F7-C956081E175A}.Release|x86.Build.0 = Release|Win32
	EndGlobalSection
	GlobalSection(SolutionProperties) = preSolution
		HideSolutionNode = FALSE
	EndGlobalSection
	GlobalSection(ExtensibilityGlobals) = postSolution
		SolutionGuid = {39C1D45A-4018-4054-85D3-C91D64B59CBD}
	EndGlobalSection
EndGlobal
